// !$*UTF8*$!
{
	archiveVersion = 1;
	classes = {
	};
	objectVersion = 46;
	objects = {

/* Begin PBXBuildFile section */
		9315502F16DF1D2400482944 /* UIView+GGKAdditions.m in Sources */ = {isa = PBXBuildFile; fileRef = 9315502E16DF1D2400482944 /* UIView+GGKAdditions.m */; };
		9315503216DF225000482944 /* GGKSetReminderViewController.m in Sources */ = {isa = PBXBuildFile; fileRef = 9315503116DF225000482944 /* GGKSetReminderViewController.m */; };
		932904E418AA55930066D2DA /* libTestFlight.a in Frameworks */ = {isa = PBXBuildFile; fileRef = 932904DE18AA55930066D2DA /* libTestFlight.a */; };
		932904E518AA55930066D2DA /* README.md in Resources */ = {isa = PBXBuildFile; fileRef = 932904DF18AA55930066D2DA /* README.md */; };
		932904E618AA55930066D2DA /* release_notes.md in Resources */ = {isa = PBXBuildFile; fileRef = 932904E018AA55930066D2DA /* release_notes.md */; };
		9336135C18A0A5450026F270 /* GGKMusicModel.m in Sources */ = {isa = PBXBuildFile; fileRef = 9336135B18A0A5450026F270 /* GGKMusicModel.m */; };
		9336135E18A0C04C0026F270 /* Perfect Potty - Intro Main Menu Music.m4a in Resources */ = {isa = PBXBuildFile; fileRef = 9336135D18A0C04C0026F270 /* Perfect Potty - Intro Main Menu Music.m4a */; };
		9353B37F16E6011300B0A75A /* GGKYourSupportViewController.m in Sources */ = {isa = PBXBuildFile; fileRef = 9353B37E16E6011300B0A75A /* GGKYourSupportViewController.m */; };
		935A344216F206BA003DD6FA /* libz.dylib in Frameworks */ = {isa = PBXBuildFile; fileRef = 935A344116F206BA003DD6FA /* libz.dylib */; };
		9362E42416D49EC600A1B771 /* GGKPickBackgroundColorViewController.m in Sources */ = {isa = PBXBuildFile; fileRef = 9362E42316D49EC600A1B771 /* GGKPickBackgroundColorViewController.m */; };
		9362E42716D4AC2A00A1B771 /* UIColor+GGKColors.m in Sources */ = {isa = PBXBuildFile; fileRef = 9362E42616D4AC2A00A1B771 /* UIColor+GGKColors.m */; };
		9362E42D16D5F17600A1B771 /* GGKSoundModel.m in Sources */ = {isa = PBXBuildFile; fileRef = 9362E42C16D5F17600A1B771 /* GGKSoundModel.m */; };
		9362E43016D5FBF400A1B771 /* AVFoundation.framework in Frameworks */ = {isa = PBXBuildFile; fileRef = 9362E42F16D5FBF400A1B771 /* AVFoundation.framework */; };
		9362E43216D5FDAB00A1B771 /* tap.aif in Resources */ = {isa = PBXBuildFile; fileRef = 9362E42E16D5FA8600A1B771 /* tap.aif */; };
		937652AA16C079CB007EA04C /* UIKit.framework in Frameworks */ = {isa = PBXBuildFile; fileRef = 937652A916C079CB007EA04C /* UIKit.framework */; };
		937652AC16C079CB007EA04C /* Foundation.framework in Frameworks */ = {isa = PBXBuildFile; fileRef = 937652AB16C079CB007EA04C /* Foundation.framework */; };
		937652AE16C079CB007EA04C /* CoreGraphics.framework in Frameworks */ = {isa = PBXBuildFile; fileRef = 937652AD16C079CB007EA04C /* CoreGraphics.framework */; };
		937652B416C079CB007EA04C /* InfoPlist.strings in Resources */ = {isa = PBXBuildFile; fileRef = 937652B216C079CB007EA04C /* InfoPlist.strings */; };
		937652B616C079CB007EA04C /* main.m in Sources */ = {isa = PBXBuildFile; fileRef = 937652B516C079CB007EA04C /* main.m */; };
		937652BA16C079CB007EA04C /* GGKPerfectPottyAppDelegate.m in Sources */ = {isa = PBXBuildFile; fileRef = 937652B916C079CB007EA04C /* GGKPerfectPottyAppDelegate.m */; };
		937652C316C079CB007EA04C /* MainStoryboard_iPhone.storyboard in Resources */ = {isa = PBXBuildFile; fileRef = 937652C116C079CB007EA04C /* MainStoryboard_iPhone.storyboard */; };
		937652C616C079CB007EA04C /* MainStoryboard_iPad.storyboard in Resources */ = {isa = PBXBuildFile; fileRef = 937652C416C079CB007EA04C /* MainStoryboard_iPad.storyboard */; };
		937652C916C079CB007EA04C /* GGKRootViewController.m in Sources */ = {isa = PBXBuildFile; fileRef = 937652C816C079CB007EA04C /* GGKRootViewController.m */; };
		9376CCAE16E0111E00887ADE /* scoreIncrease.aiff in Resources */ = {isa = PBXBuildFile; fileRef = 9376CCAD16E0111E00887ADE /* scoreIncrease.aiff */; };
		9376CCB016E1A48400887ADE /* MobileCoreServices.framework in Frameworks */ = {isa = PBXBuildFile; fileRef = 9376CCAF16E1A48300887ADE /* MobileCoreServices.framework */; };
		9376CCB316E1DC0600887ADE /* GGKAddRewardTextViewController.m in Sources */ = {isa = PBXBuildFile; fileRef = 9376CCB216E1DC0500887ADE /* GGKAddRewardTextViewController.m */; };
		937F863416D6A54A007DE572 /* GGKRewardsViewController.m in Sources */ = {isa = PBXBuildFile; fileRef = 937F863316D6A54A007DE572 /* GGKRewardsViewController.m */; };
		937F863716D6A61A007DE572 /* GGKSettingsViewController.m in Sources */ = {isa = PBXBuildFile; fileRef = 937F863616D6A61A007DE572 /* GGKSettingsViewController.m */; };
		937F864016D9DC0C007DE572 /* GGKAddPottyViewController.m in Sources */ = {isa = PBXBuildFile; fileRef = 937F863F16D9DC0C007DE572 /* GGKAddPottyViewController.m */; };
		937F864616DABF5A007DE572 /* GGKPottyAttemptDayTableViewCell.m in Sources */ = {isa = PBXBuildFile; fileRef = 937F864516DABF59007DE572 /* GGKPottyAttemptDayTableViewCell.m */; };
		937F864916DC50B1007DE572 /* GGKHistoryHeaderCell.m in Sources */ = {isa = PBXBuildFile; fileRef = 937F864816DC50B1007DE572 /* GGKHistoryHeaderCell.m */; };
		937F864C16DC7BF2007DE572 /* NSDate+GGKDate.m in Sources */ = {isa = PBXBuildFile; fileRef = 937F864B16DC7BF2007DE572 /* NSDate+GGKDate.m */; };
		9382117017CE243F00EDE843 /* GGKChildSelectionViewController.m in Sources */ = {isa = PBXBuildFile; fileRef = 9382116F17CE243F00EDE843 /* GGKChildSelectionViewController.m */; };
		9382117317CE360700EDE843 /* GGKEditChildNameViewController.m in Sources */ = {isa = PBXBuildFile; fileRef = 9382117217CE360700EDE843 /* GGKEditChildNameViewController.m */; };
		9382117617CEB6E700EDE843 /* GGKAddChildViewController.m in Sources */ = {isa = PBXBuildFile; fileRef = 9382117517CEB6E700EDE843 /* GGKAddChildViewController.m */; };
		9382117917D1976400EDE843 /* GGKTestRemindersViewController.m in Sources */ = {isa = PBXBuildFile; fileRef = 9382117817D1976300EDE843 /* GGKTestRemindersViewController.m */; };
		9383F21D17C80EFD005B41E5 /* GGKPerfectPottyModel.m in Sources */ = {isa = PBXBuildFile; fileRef = 9383F21C17C80EFD005B41E5 /* GGKPerfectPottyModel.m */; };
		9383F22017C8456E005B41E5 /* GGKChild.m in Sources */ = {isa = PBXBuildFile; fileRef = 9383F21F17C8456E005B41E5 /* GGKChild.m */; };
		9383F22317C91521005B41E5 /* GGKReward.m in Sources */ = {isa = PBXBuildFile; fileRef = 9383F22217C91520005B41E5 /* GGKReward.m */; };
		9383F22617CA09A6005B41E5 /* GGKPottyRecordsViewController.m in Sources */ = {isa = PBXBuildFile; fileRef = 9383F22517CA09A5005B41E5 /* GGKPottyRecordsViewController.m */; };
		9387C1EC17D1A5CA003D10B7 /* AudioToolbox.framework in Frameworks */ = {isa = PBXBuildFile; fileRef = 9387C1EB17D1A5CA003D10B7 /* AudioToolbox.framework */; };
		9387C1EE17D1A7D0003D10B7 /* MediaPlayer.framework in Frameworks */ = {isa = PBXBuildFile; fileRef = 9387C1ED17D1A7D0003D10B7 /* MediaPlayer.framework */; };
		9390858116DD534800C2290F /* GGKHistoryForDayTableViewController.m in Sources */ = {isa = PBXBuildFile; fileRef = 9390858016DD534800C2290F /* GGKHistoryForDayTableViewController.m */; };
		9390858416DD583A00C2290F /* GGKPottyAttemptCell.m in Sources */ = {isa = PBXBuildFile; fileRef = 9390858316DD583A00C2290F /* GGKPottyAttemptCell.m */; };
		93BD16621761869400D32AA0 /* GGKPerfectPottyDescription.rtf in Resources */ = {isa = PBXBuildFile; fileRef = 93BD16611761869400D32AA0 /* GGKPerfectPottyDescription.rtf */; };
		93BD166517618E1500D32AA0 /* GGKViewController.m in Sources */ = {isa = PBXBuildFile; fileRef = 93BD166417618E1500D32AA0 /* GGKViewController.m */; };
		93BD1668176191B700D32AA0 /* GGKUseCustomSymbolViewController.m in Sources */ = {isa = PBXBuildFile; fileRef = 93BD1667176191B700D32AA0 /* GGKUseCustomSymbolViewController.m */; };
		93CA2BA617D4820B00CF4440 /* reminder1.aiff in Resources */ = {isa = PBXBuildFile; fileRef = 93CA2BA517D4820B00CF4440 /* reminder1.aiff */; };
		93DD9EA918A09A0300F09E21 /* Default-568h@2x.png in Resources */ = {isa = PBXBuildFile; fileRef = 93DD9EA618A09A0300F09E21 /* Default-568h@2x.png */; };
		93DD9EAA18A09A0300F09E21 /* Default.png in Resources */ = {isa = PBXBuildFile; fileRef = 93DD9EA718A09A0300F09E21 /* Default.png */; };
		93DD9EAB18A09A0300F09E21 /* Default@2x.png in Resources */ = {isa = PBXBuildFile; fileRef = 93DD9EA818A09A0300F09E21 /* Default@2x.png */; };
		93DE8C0716E7F36000AA87FF /* StoreKit.framework in Frameworks */ = {isa = PBXBuildFile; fileRef = 93DE8C0616E7F36000AA87FF /* StoreKit.framework */; };
		93DE8C0D16E8074800AA87FF /* GGKInAppPurchaseObserver.m in Sources */ = {isa = PBXBuildFile; fileRef = 93DE8C0C16E8074800AA87FF /* GGKInAppPurchaseObserver.m */; };
		93DE8C0F16E87A2400AA87FF /* MessageUI.framework in Frameworks */ = {isa = PBXBuildFile; fileRef = 93DE8C0E16E87A2400AA87FF /* MessageUI.framework */; };
		93DE8C1216E898C700AA87FF /* icon2-29px.png in Resources */ = {isa = PBXBuildFile; fileRef = 93DE8C1116E898C700AA87FF /* icon2-29px.png */; };
		93DE8C1416E8995200AA87FF /* icon2-29px@2x.png in Resources */ = {isa = PBXBuildFile; fileRef = 93DE8C1316E8995200AA87FF /* icon2-29px@2x.png */; };
		93DE8C1616E8999A00AA87FF /* icon2-50px.png in Resources */ = {isa = PBXBuildFile; fileRef = 93DE8C1516E8999A00AA87FF /* icon2-50px.png */; };
		93DE8C1816E899CE00AA87FF /* icon2-50px@2x.png in Resources */ = {isa = PBXBuildFile; fileRef = 93DE8C1716E899CE00AA87FF /* icon2-50px@2x.png */; };
		93DE8C1D16E89A7E00AA87FF /* icon2-57px.png in Resources */ = {isa = PBXBuildFile; fileRef = 93DE8C1916E89A7E00AA87FF /* icon2-57px.png */; };
		93DE8C1E16E89A7E00AA87FF /* icon2-57px@2x.png in Resources */ = {isa = PBXBuildFile; fileRef = 93DE8C1A16E89A7E00AA87FF /* icon2-57px@2x.png */; };
		93DE8C1F16E89A7E00AA87FF /* icon2-72px.png in Resources */ = {isa = PBXBuildFile; fileRef = 93DE8C1B16E89A7E00AA87FF /* icon2-72px.png */; };
		93DE8C2016E89A7E00AA87FF /* icon2-72px@2x.png in Resources */ = {isa = PBXBuildFile; fileRef = 93DE8C1C16E89A7E00AA87FF /* icon2-72px@2x.png */; };
		93F00CB918B2EB8100EBE8D4 /* Perfect Potty - Potty Music.m4a in Resources */ = {isa = PBXBuildFile; fileRef = 93F00CB818B2EB8100EBE8D4 /* Perfect Potty - Potty Music.m4a */; };
		93F00CBC18B2EFAB00EBE8D4 /* GGKPottyMusicViewController.m in Sources */ = {isa = PBXBuildFile; fileRef = 93F00CBB18B2EFAB00EBE8D4 /* GGKPottyMusicViewController.m */; };
/* End PBXBuildFile section */

/* Begin PBXFileReference section */
		9315502D16DF1D2400482944 /* UIView+GGKAdditions.h */ = {isa = PBXFileReference; fileEncoding = 4; lastKnownFileType = sourcecode.c.h; path = "UIView+GGKAdditions.h"; sourceTree = "<group>"; };
		9315502E16DF1D2400482944 /* UIView+GGKAdditions.m */ = {isa = PBXFileReference; fileEncoding = 4; lastKnownFileType = sourcecode.c.objc; path = "UIView+GGKAdditions.m"; sourceTree = "<group>"; };
		9315503016DF225000482944 /* GGKSetReminderViewController.h */ = {isa = PBXFileReference; fileEncoding = 4; lastKnownFileType = sourcecode.c.h; path = GGKSetReminderViewController.h; sourceTree = "<group>"; };
		9315503116DF225000482944 /* GGKSetReminderViewController.m */ = {isa = PBXFileReference; fileEncoding = 4; lastKnownFileType = sourcecode.c.objc; path = GGKSetReminderViewController.m; sourceTree = "<group>"; };
		932904DE18AA55930066D2DA /* libTestFlight.a */ = {isa = PBXFileReference; lastKnownFileType = archive.ar; path = libTestFlight.a; sourceTree = "<group>"; };
		932904DF18AA55930066D2DA /* README.md */ = {isa = PBXFileReference; fileEncoding = 4; lastKnownFileType = text; path = README.md; sourceTree = "<group>"; };
		932904E018AA55930066D2DA /* release_notes.md */ = {isa = PBXFileReference; fileEncoding = 4; lastKnownFileType = text; path = release_notes.md; sourceTree = "<group>"; };
		932904E118AA55930066D2DA /* TestFlight+AsyncLogging.h */ = {isa = PBXFileReference; fileEncoding = 4; lastKnownFileType = sourcecode.c.h; path = "TestFlight+AsyncLogging.h"; sourceTree = "<group>"; };
		932904E218AA55930066D2DA /* TestFlight+ManualSessions.h */ = {isa = PBXFileReference; fileEncoding = 4; lastKnownFileType = sourcecode.c.h; path = "TestFlight+ManualSessions.h"; sourceTree = "<group>"; };
		932904E318AA55930066D2DA /* TestFlight.h */ = {isa = PBXFileReference; fileEncoding = 4; lastKnownFileType = sourcecode.c.h; path = TestFlight.h; sourceTree = "<group>"; };
		9336135A18A0A5450026F270 /* GGKMusicModel.h */ = {isa = PBXFileReference; fileEncoding = 4; lastKnownFileType = sourcecode.c.h; path = GGKMusicModel.h; sourceTree = "<group>"; };
		9336135B18A0A5450026F270 /* GGKMusicModel.m */ = {isa = PBXFileReference; fileEncoding = 4; lastKnownFileType = sourcecode.c.objc; path = GGKMusicModel.m; sourceTree = "<group>"; };
		9336135D18A0C04C0026F270 /* Perfect Potty - Intro Main Menu Music.m4a */ = {isa = PBXFileReference; lastKnownFileType = file; path = "Perfect Potty - Intro Main Menu Music.m4a"; sourceTree = "<group>"; };
		9353B37D16E6011300B0A75A /* GGKYourSupportViewController.h */ = {isa = PBXFileReference; fileEncoding = 4; lastKnownFileType = sourcecode.c.h; path = GGKYourSupportViewController.h; sourceTree = "<group>"; };
		9353B37E16E6011300B0A75A /* GGKYourSupportViewController.m */ = {isa = PBXFileReference; fileEncoding = 4; lastKnownFileType = sourcecode.c.objc; path = GGKYourSupportViewController.m; sourceTree = "<group>"; };
		935A344116F206BA003DD6FA /* libz.dylib */ = {isa = PBXFileReference; lastKnownFileType = "compiled.mach-o.dylib"; name = libz.dylib; path = usr/lib/libz.dylib; sourceTree = SDKROOT; };
		9362E42216D49EC600A1B771 /* GGKPickBackgroundColorViewController.h */ = {isa = PBXFileReference; fileEncoding = 4; lastKnownFileType = sourcecode.c.h; path = GGKPickBackgroundColorViewController.h; sourceTree = "<group>"; };
		9362E42316D49EC600A1B771 /* GGKPickBackgroundColorViewController.m */ = {isa = PBXFileReference; fileEncoding = 4; lastKnownFileType = sourcecode.c.objc; path = GGKPickBackgroundColorViewController.m; sourceTree = "<group>"; };
		9362E42516D4AC2A00A1B771 /* UIColor+GGKColors.h */ = {isa = PBXFileReference; fileEncoding = 4; lastKnownFileType = sourcecode.c.h; path = "UIColor+GGKColors.h"; sourceTree = "<group>"; };
		9362E42616D4AC2A00A1B771 /* UIColor+GGKColors.m */ = {isa = PBXFileReference; fileEncoding = 4; lastKnownFileType = sourcecode.c.objc; path = "UIColor+GGKColors.m"; sourceTree = "<group>"; };
		9362E42B16D5F17600A1B771 /* GGKSoundModel.h */ = {isa = PBXFileReference; fileEncoding = 4; lastKnownFileType = sourcecode.c.h; path = GGKSoundModel.h; sourceTree = "<group>"; };
		9362E42C16D5F17600A1B771 /* GGKSoundModel.m */ = {isa = PBXFileReference; fileEncoding = 4; lastKnownFileType = sourcecode.c.objc; path = GGKSoundModel.m; sourceTree = "<group>"; };
		9362E42E16D5FA8600A1B771 /* tap.aif */ = {isa = PBXFileReference; lastKnownFileType = file; name = tap.aif; path = sounds/tap.aif; sourceTree = "<group>"; };
		9362E42F16D5FBF400A1B771 /* AVFoundation.framework */ = {isa = PBXFileReference; lastKnownFileType = wrapper.framework; name = AVFoundation.framework; path = System/Library/Frameworks/AVFoundation.framework; sourceTree = SDKROOT; };
		937652A616C079CB007EA04C /* Perfect Potty.app */ = {isa = PBXFileReference; explicitFileType = wrapper.application; includeInIndex = 0; path = "Perfect Potty.app"; sourceTree = BUILT_PRODUCTS_DIR; };
		937652A916C079CB007EA04C /* UIKit.framework */ = {isa = PBXFileReference; lastKnownFileType = wrapper.framework; name = UIKit.framework; path = System/Library/Frameworks/UIKit.framework; sourceTree = SDKROOT; };
		937652AB16C079CB007EA04C /* Foundation.framework */ = {isa = PBXFileReference; lastKnownFileType = wrapper.framework; name = Foundation.framework; path = System/Library/Frameworks/Foundation.framework; sourceTree = SDKROOT; };
		937652AD16C079CB007EA04C /* CoreGraphics.framework */ = {isa = PBXFileReference; lastKnownFileType = wrapper.framework; name = CoreGraphics.framework; path = System/Library/Frameworks/CoreGraphics.framework; sourceTree = SDKROOT; };
		937652B116C079CB007EA04C /* Perfect Potty Pal-Info.plist */ = {isa = PBXFileReference; lastKnownFileType = text.plist.xml; path = "Perfect Potty Pal-Info.plist"; sourceTree = "<group>"; };
		937652B316C079CB007EA04C /* en */ = {isa = PBXFileReference; lastKnownFileType = text.plist.strings; name = en; path = en.lproj/InfoPlist.strings; sourceTree = "<group>"; };
		937652B516C079CB007EA04C /* main.m */ = {isa = PBXFileReference; lastKnownFileType = sourcecode.c.objc; path = main.m; sourceTree = "<group>"; };
		937652B716C079CB007EA04C /* Perfect Potty Pal-Prefix.pch */ = {isa = PBXFileReference; lastKnownFileType = sourcecode.c.h; path = "Perfect Potty Pal-Prefix.pch"; sourceTree = "<group>"; };
		937652B816C079CB007EA04C /* GGKPerfectPottyAppDelegate.h */ = {isa = PBXFileReference; lastKnownFileType = sourcecode.c.h; path = GGKPerfectPottyAppDelegate.h; sourceTree = "<group>"; };
		937652B916C079CB007EA04C /* GGKPerfectPottyAppDelegate.m */ = {isa = PBXFileReference; lastKnownFileType = sourcecode.c.objc; path = GGKPerfectPottyAppDelegate.m; sourceTree = "<group>"; };
		937652C216C079CB007EA04C /* en */ = {isa = PBXFileReference; lastKnownFileType = file.storyboard; name = en; path = en.lproj/MainStoryboard_iPhone.storyboard; sourceTree = "<group>"; };
		937652C516C079CB007EA04C /* en */ = {isa = PBXFileReference; lastKnownFileType = file.storyboard; name = en; path = en.lproj/MainStoryboard_iPad.storyboard; sourceTree = "<group>"; };
		937652C716C079CB007EA04C /* GGKRootViewController.h */ = {isa = PBXFileReference; lastKnownFileType = sourcecode.c.h; path = GGKRootViewController.h; sourceTree = "<group>"; };
		937652C816C079CB007EA04C /* GGKRootViewController.m */ = {isa = PBXFileReference; lastKnownFileType = sourcecode.c.objc; path = GGKRootViewController.m; sourceTree = "<group>"; };
		9376CCAD16E0111E00887ADE /* scoreIncrease.aiff */ = {isa = PBXFileReference; lastKnownFileType = audio.aiff; name = scoreIncrease.aiff; path = sounds/scoreIncrease.aiff; sourceTree = "<group>"; };
		9376CCAF16E1A48300887ADE /* MobileCoreServices.framework */ = {isa = PBXFileReference; lastKnownFileType = wrapper.framework; name = MobileCoreServices.framework; path = System/Library/Frameworks/MobileCoreServices.framework; sourceTree = SDKROOT; };
		9376CCB116E1DC0500887ADE /* GGKAddRewardTextViewController.h */ = {isa = PBXFileReference; fileEncoding = 4; lastKnownFileType = sourcecode.c.h; path = GGKAddRewardTextViewController.h; sourceTree = "<group>"; };
		9376CCB216E1DC0500887ADE /* GGKAddRewardTextViewController.m */ = {isa = PBXFileReference; fileEncoding = 4; lastKnownFileType = sourcecode.c.objc; path = GGKAddRewardTextViewController.m; sourceTree = "<group>"; };
		937F863216D6A54A007DE572 /* GGKRewardsViewController.h */ = {isa = PBXFileReference; fileEncoding = 4; lastKnownFileType = sourcecode.c.h; path = GGKRewardsViewController.h; sourceTree = "<group>"; };
		937F863316D6A54A007DE572 /* GGKRewardsViewController.m */ = {isa = PBXFileReference; fileEncoding = 4; lastKnownFileType = sourcecode.c.objc; path = GGKRewardsViewController.m; sourceTree = "<group>"; };
		937F863516D6A61A007DE572 /* GGKSettingsViewController.h */ = {isa = PBXFileReference; fileEncoding = 4; lastKnownFileType = sourcecode.c.h; path = GGKSettingsViewController.h; sourceTree = "<group>"; };
		937F863616D6A61A007DE572 /* GGKSettingsViewController.m */ = {isa = PBXFileReference; fileEncoding = 4; lastKnownFileType = sourcecode.c.objc; path = GGKSettingsViewController.m; sourceTree = "<group>"; };
		937F863E16D9DC0B007DE572 /* GGKAddPottyViewController.h */ = {isa = PBXFileReference; fileEncoding = 4; lastKnownFileType = sourcecode.c.h; path = GGKAddPottyViewController.h; sourceTree = "<group>"; };
		937F863F16D9DC0C007DE572 /* GGKAddPottyViewController.m */ = {isa = PBXFileReference; fileEncoding = 4; lastKnownFileType = sourcecode.c.objc; path = GGKAddPottyViewController.m; sourceTree = "<group>"; };
		937F864416DABF59007DE572 /* GGKPottyAttemptDayTableViewCell.h */ = {isa = PBXFileReference; fileEncoding = 4; lastKnownFileType = sourcecode.c.h; path = GGKPottyAttemptDayTableViewCell.h; sourceTree = "<group>"; };
		937F864516DABF59007DE572 /* GGKPottyAttemptDayTableViewCell.m */ = {isa = PBXFileReference; fileEncoding = 4; lastKnownFileType = sourcecode.c.objc; path = GGKPottyAttemptDayTableViewCell.m; sourceTree = "<group>"; };
		937F864716DC50B1007DE572 /* GGKHistoryHeaderCell.h */ = {isa = PBXFileReference; fileEncoding = 4; lastKnownFileType = sourcecode.c.h; path = GGKHistoryHeaderCell.h; sourceTree = "<group>"; };
		937F864816DC50B1007DE572 /* GGKHistoryHeaderCell.m */ = {isa = PBXFileReference; fileEncoding = 4; lastKnownFileType = sourcecode.c.objc; path = GGKHistoryHeaderCell.m; sourceTree = "<group>"; };
		937F864A16DC7BF2007DE572 /* NSDate+GGKDate.h */ = {isa = PBXFileReference; fileEncoding = 4; lastKnownFileType = sourcecode.c.h; path = "NSDate+GGKDate.h"; sourceTree = "<group>"; };
		937F864B16DC7BF2007DE572 /* NSDate+GGKDate.m */ = {isa = PBXFileReference; fileEncoding = 4; lastKnownFileType = sourcecode.c.objc; path = "NSDate+GGKDate.m"; sourceTree = "<group>"; };
		9382116E17CE243F00EDE843 /* GGKChildSelectionViewController.h */ = {isa = PBXFileReference; fileEncoding = 4; lastKnownFileType = sourcecode.c.h; path = GGKChildSelectionViewController.h; sourceTree = "<group>"; };
		9382116F17CE243F00EDE843 /* GGKChildSelectionViewController.m */ = {isa = PBXFileReference; fileEncoding = 4; lastKnownFileType = sourcecode.c.objc; path = GGKChildSelectionViewController.m; sourceTree = "<group>"; };
		9382117117CE360600EDE843 /* GGKEditChildNameViewController.h */ = {isa = PBXFileReference; fileEncoding = 4; lastKnownFileType = sourcecode.c.h; path = GGKEditChildNameViewController.h; sourceTree = "<group>"; };
		9382117217CE360700EDE843 /* GGKEditChildNameViewController.m */ = {isa = PBXFileReference; fileEncoding = 4; lastKnownFileType = sourcecode.c.objc; path = GGKEditChildNameViewController.m; sourceTree = "<group>"; };
		9382117417CEB6E700EDE843 /* GGKAddChildViewController.h */ = {isa = PBXFileReference; fileEncoding = 4; lastKnownFileType = sourcecode.c.h; path = GGKAddChildViewController.h; sourceTree = "<group>"; };
		9382117517CEB6E700EDE843 /* GGKAddChildViewController.m */ = {isa = PBXFileReference; fileEncoding = 4; lastKnownFileType = sourcecode.c.objc; path = GGKAddChildViewController.m; sourceTree = "<group>"; };
		9382117717D1976200EDE843 /* GGKTestRemindersViewController.h */ = {isa = PBXFileReference; fileEncoding = 4; lastKnownFileType = sourcecode.c.h; path = GGKTestRemindersViewController.h; sourceTree = "<group>"; };
		9382117817D1976300EDE843 /* GGKTestRemindersViewController.m */ = {isa = PBXFileReference; fileEncoding = 4; lastKnownFileType = sourcecode.c.objc; path = GGKTestRemindersViewController.m; sourceTree = "<group>"; };
		9383F21B17C80EFD005B41E5 /* GGKPerfectPottyModel.h */ = {isa = PBXFileReference; fileEncoding = 4; lastKnownFileType = sourcecode.c.h; path = GGKPerfectPottyModel.h; sourceTree = "<group>"; };
		9383F21C17C80EFD005B41E5 /* GGKPerfectPottyModel.m */ = {isa = PBXFileReference; fileEncoding = 4; lastKnownFileType = sourcecode.c.objc; path = GGKPerfectPottyModel.m; sourceTree = "<group>"; };
		9383F21E17C8456D005B41E5 /* GGKChild.h */ = {isa = PBXFileReference; fileEncoding = 4; lastKnownFileType = sourcecode.c.h; path = GGKChild.h; sourceTree = "<group>"; };
		9383F21F17C8456E005B41E5 /* GGKChild.m */ = {isa = PBXFileReference; fileEncoding = 4; lastKnownFileType = sourcecode.c.objc; path = GGKChild.m; sourceTree = "<group>"; };
		9383F22117C91520005B41E5 /* GGKReward.h */ = {isa = PBXFileReference; fileEncoding = 4; lastKnownFileType = sourcecode.c.h; path = GGKReward.h; sourceTree = "<group>"; };
		9383F22217C91520005B41E5 /* GGKReward.m */ = {isa = PBXFileReference; fileEncoding = 4; lastKnownFileType = sourcecode.c.objc; path = GGKReward.m; sourceTree = "<group>"; };
		9383F22417CA09A4005B41E5 /* GGKPottyRecordsViewController.h */ = {isa = PBXFileReference; fileEncoding = 4; lastKnownFileType = sourcecode.c.h; path = GGKPottyRecordsViewController.h; sourceTree = "<group>"; };
		9383F22517CA09A5005B41E5 /* GGKPottyRecordsViewController.m */ = {isa = PBXFileReference; fileEncoding = 4; lastKnownFileType = sourcecode.c.objc; path = GGKPottyRecordsViewController.m; sourceTree = "<group>"; };
		9387C1EB17D1A5CA003D10B7 /* AudioToolbox.framework */ = {isa = PBXFileReference; lastKnownFileType = wrapper.framework; name = AudioToolbox.framework; path = System/Library/Frameworks/AudioToolbox.framework; sourceTree = SDKROOT; };
		9387C1ED17D1A7D0003D10B7 /* MediaPlayer.framework */ = {isa = PBXFileReference; lastKnownFileType = wrapper.framework; name = MediaPlayer.framework; path = System/Library/Frameworks/MediaPlayer.framework; sourceTree = SDKROOT; };
		9390857F16DD534800C2290F /* GGKHistoryForDayTableViewController.h */ = {isa = PBXFileReference; fileEncoding = 4; lastKnownFileType = sourcecode.c.h; path = GGKHistoryForDayTableViewController.h; sourceTree = "<group>"; };
		9390858016DD534800C2290F /* GGKHistoryForDayTableViewController.m */ = {isa = PBXFileReference; fileEncoding = 4; lastKnownFileType = sourcecode.c.objc; path = GGKHistoryForDayTableViewController.m; sourceTree = "<group>"; };
		9390858216DD583A00C2290F /* GGKPottyAttemptCell.h */ = {isa = PBXFileReference; fileEncoding = 4; lastKnownFileType = sourcecode.c.h; path = GGKPottyAttemptCell.h; sourceTree = "<group>"; };
		9390858316DD583A00C2290F /* GGKPottyAttemptCell.m */ = {isa = PBXFileReference; fileEncoding = 4; lastKnownFileType = sourcecode.c.objc; path = GGKPottyAttemptCell.m; sourceTree = "<group>"; };
		93BD16611761869400D32AA0 /* GGKPerfectPottyDescription.rtf */ = {isa = PBXFileReference; fileEncoding = 4; lastKnownFileType = text.rtf; path = GGKPerfectPottyDescription.rtf; sourceTree = "<group>"; };
		93BD166317618E1500D32AA0 /* GGKViewController.h */ = {isa = PBXFileReference; fileEncoding = 4; lastKnownFileType = sourcecode.c.h; path = GGKViewController.h; sourceTree = "<group>"; };
		93BD166417618E1500D32AA0 /* GGKViewController.m */ = {isa = PBXFileReference; fileEncoding = 4; lastKnownFileType = sourcecode.c.objc; path = GGKViewController.m; sourceTree = "<group>"; };
		93BD1666176191B700D32AA0 /* GGKUseCustomSymbolViewController.h */ = {isa = PBXFileReference; fileEncoding = 4; lastKnownFileType = sourcecode.c.h; path = GGKUseCustomSymbolViewController.h; sourceTree = "<group>"; };
		93BD1667176191B700D32AA0 /* GGKUseCustomSymbolViewController.m */ = {isa = PBXFileReference; fileEncoding = 4; lastKnownFileType = sourcecode.c.objc; path = GGKUseCustomSymbolViewController.m; sourceTree = "<group>"; };
		93CA2BA517D4820B00CF4440 /* reminder1.aiff */ = {isa = PBXFileReference; lastKnownFileType = audio.aiff; name = reminder1.aiff; path = sounds/reminder1.aiff; sourceTree = "<group>"; };
		93DD9EA618A09A0300F09E21 /* Default-568h@2x.png */ = {isa = PBXFileReference; lastKnownFileType = image.png; path = "Default-568h@2x.png"; sourceTree = "<group>"; };
		93DD9EA718A09A0300F09E21 /* Default.png */ = {isa = PBXFileReference; lastKnownFileType = image.png; path = Default.png; sourceTree = "<group>"; };
		93DD9EA818A09A0300F09E21 /* Default@2x.png */ = {isa = PBXFileReference; lastKnownFileType = image.png; path = "Default@2x.png"; sourceTree = "<group>"; };
		93DE8C0616E7F36000AA87FF /* StoreKit.framework */ = {isa = PBXFileReference; lastKnownFileType = wrapper.framework; name = StoreKit.framework; path = System/Library/Frameworks/StoreKit.framework; sourceTree = SDKROOT; };
		93DE8C0B16E8074800AA87FF /* GGKInAppPurchaseObserver.h */ = {isa = PBXFileReference; fileEncoding = 4; lastKnownFileType = sourcecode.c.h; path = GGKInAppPurchaseObserver.h; sourceTree = "<group>"; };
		93DE8C0C16E8074800AA87FF /* GGKInAppPurchaseObserver.m */ = {isa = PBXFileReference; fileEncoding = 4; lastKnownFileType = sourcecode.c.objc; path = GGKInAppPurchaseObserver.m; sourceTree = "<group>"; };
		93DE8C0E16E87A2400AA87FF /* MessageUI.framework */ = {isa = PBXFileReference; lastKnownFileType = wrapper.framework; name = MessageUI.framework; path = System/Library/Frameworks/MessageUI.framework; sourceTree = SDKROOT; };
		93DE8C1116E898C700AA87FF /* icon2-29px.png */ = {isa = PBXFileReference; lastKnownFileType = image.png; name = "icon2-29px.png"; path = "icons/icon2-29px.png"; sourceTree = "<group>"; };
		93DE8C1316E8995200AA87FF /* icon2-29px@2x.png */ = {isa = PBXFileReference; lastKnownFileType = image.png; name = "icon2-29px@2x.png"; path = "icons/icon2-29px@2x.png"; sourceTree = "<group>"; };
		93DE8C1516E8999A00AA87FF /* icon2-50px.png */ = {isa = PBXFileReference; lastKnownFileType = image.png; name = "icon2-50px.png"; path = "icons/icon2-50px.png"; sourceTree = "<group>"; };
		93DE8C1716E899CE00AA87FF /* icon2-50px@2x.png */ = {isa = PBXFileReference; lastKnownFileType = image.png; name = "icon2-50px@2x.png"; path = "icons/icon2-50px@2x.png"; sourceTree = "<group>"; };
		93DE8C1916E89A7E00AA87FF /* icon2-57px.png */ = {isa = PBXFileReference; lastKnownFileType = image.png; name = "icon2-57px.png"; path = "icons/icon2-57px.png"; sourceTree = "<group>"; };
		93DE8C1A16E89A7E00AA87FF /* icon2-57px@2x.png */ = {isa = PBXFileReference; lastKnownFileType = image.png; name = "icon2-57px@2x.png"; path = "icons/icon2-57px@2x.png"; sourceTree = "<group>"; };
		93DE8C1B16E89A7E00AA87FF /* icon2-72px.png */ = {isa = PBXFileReference; lastKnownFileType = image.png; name = "icon2-72px.png"; path = "icons/icon2-72px.png"; sourceTree = "<group>"; };
		93DE8C1C16E89A7E00AA87FF /* icon2-72px@2x.png */ = {isa = PBXFileReference; lastKnownFileType = image.png; name = "icon2-72px@2x.png"; path = "icons/icon2-72px@2x.png"; sourceTree = "<group>"; };
		93F00CB818B2EB8100EBE8D4 /* Perfect Potty - Potty Music.m4a */ = {isa = PBXFileReference; lastKnownFileType = file; path = "Perfect Potty - Potty Music.m4a"; sourceTree = "<group>"; };
		93F00CBA18B2EFAB00EBE8D4 /* GGKPottyMusicViewController.h */ = {isa = PBXFileReference; fileEncoding = 4; lastKnownFileType = sourcecode.c.h; path = GGKPottyMusicViewController.h; sourceTree = "<group>"; };
		93F00CBB18B2EFAB00EBE8D4 /* GGKPottyMusicViewController.m */ = {isa = PBXFileReference; fileEncoding = 4; lastKnownFileType = sourcecode.c.objc; path = GGKPottyMusicViewController.m; sourceTree = "<group>"; };
/* End PBXFileReference section */

/* Begin PBXFrameworksBuildPhase section */
		937652A316C079CB007EA04C /* Frameworks */ = {
			isa = PBXFrameworksBuildPhase;
			buildActionMask = 2147483647;
			files = (
				9387C1EC17D1A5CA003D10B7 /* AudioToolbox.framework in Frameworks */,
				9362E43016D5FBF400A1B771 /* AVFoundation.framework in Frameworks */,
				932904E418AA55930066D2DA /* libTestFlight.a in Frameworks */,
				937652AE16C079CB007EA04C /* CoreGraphics.framework in Frameworks */,
				937652AC16C079CB007EA04C /* Foundation.framework in Frameworks */,
				935A344216F206BA003DD6FA /* libz.dylib in Frameworks */,
				9387C1EE17D1A7D0003D10B7 /* MediaPlayer.framework in Frameworks */,
				93DE8C0F16E87A2400AA87FF /* MessageUI.framework in Frameworks */,
				9376CCB016E1A48400887ADE /* MobileCoreServices.framework in Frameworks */,
				93DE8C0716E7F36000AA87FF /* StoreKit.framework in Frameworks */,
				937652AA16C079CB007EA04C /* UIKit.framework in Frameworks */,
			);
			runOnlyForDeploymentPostprocessing = 0;
		};
/* End PBXFrameworksBuildPhase section */

/* Begin PBXGroup section */
		932904DD18AA55930066D2DA /* TestFlightSDK2 */ = {
			isa = PBXGroup;
			children = (
				932904DE18AA55930066D2DA /* libTestFlight.a */,
				932904DF18AA55930066D2DA /* README.md */,
				932904E018AA55930066D2DA /* release_notes.md */,
				932904E118AA55930066D2DA /* TestFlight+AsyncLogging.h */,
				932904E218AA55930066D2DA /* TestFlight+ManualSessions.h */,
				932904E318AA55930066D2DA /* TestFlight.h */,
			);
			path = TestFlightSDK2;
			sourceTree = "<group>";
		};
		9362E43116D5FC9100A1B771 /* sounds */ = {
			isa = PBXGroup;
			children = (
				93F00CB818B2EB8100EBE8D4 /* Perfect Potty - Potty Music.m4a */,
				9336135D18A0C04C0026F270 /* Perfect Potty - Intro Main Menu Music.m4a */,
				9376CCAD16E0111E00887ADE /* scoreIncrease.aiff */,
				9362E42E16D5FA8600A1B771 /* tap.aif */,
				93CA2BA517D4820B00CF4440 /* reminder1.aiff */,
			);
			name = sounds;
			sourceTree = "<group>";
		};
		9376529D16C079CA007EA04C = {
			isa = PBXGroup;
			children = (
				937652A816C079CB007EA04C /* Frameworks */,
				937652AF16C079CB007EA04C /* Perfect Potty */,
				937652A716C079CB007EA04C /* Products */,
				932904DD18AA55930066D2DA /* TestFlightSDK2 */,
			);
			sourceTree = "<group>";
		};
		937652A716C079CB007EA04C /* Products */ = {
			isa = PBXGroup;
			children = (
				937652A616C079CB007EA04C /* Perfect Potty.app */,
			);
			name = Products;
			sourceTree = "<group>";
		};
		937652A816C079CB007EA04C /* Frameworks */ = {
			isa = PBXGroup;
			children = (
				9387C1EB17D1A5CA003D10B7 /* AudioToolbox.framework */,
				9362E42F16D5FBF400A1B771 /* AVFoundation.framework */,
				937652AD16C079CB007EA04C /* CoreGraphics.framework */,
				937652AB16C079CB007EA04C /* Foundation.framework */,
				935A344116F206BA003DD6FA /* libz.dylib */,
				9387C1ED17D1A7D0003D10B7 /* MediaPlayer.framework */,
				93DE8C0E16E87A2400AA87FF /* MessageUI.framework */,
				9376CCAF16E1A48300887ADE /* MobileCoreServices.framework */,
				93DE8C0616E7F36000AA87FF /* StoreKit.framework */,
				937652A916C079CB007EA04C /* UIKit.framework */,
			);
			name = Frameworks;
			sourceTree = "<group>";
		};
		937652AF16C079CB007EA04C /* Perfect Potty */ = {
			isa = PBXGroup;
			children = (
				9382117417CEB6E700EDE843 /* GGKAddChildViewController.h */,
				9382117517CEB6E700EDE843 /* GGKAddChildViewController.m */,
				937F863E16D9DC0B007DE572 /* GGKAddPottyViewController.h */,
				937F863F16D9DC0C007DE572 /* GGKAddPottyViewController.m */,
				9376CCB116E1DC0500887ADE /* GGKAddRewardTextViewController.h */,
				9376CCB216E1DC0500887ADE /* GGKAddRewardTextViewController.m */,
				9383F21E17C8456D005B41E5 /* GGKChild.h */,
				9383F21F17C8456E005B41E5 /* GGKChild.m */,
				9382116E17CE243F00EDE843 /* GGKChildSelectionViewController.h */,
				9382116F17CE243F00EDE843 /* GGKChildSelectionViewController.m */,
				9382117117CE360600EDE843 /* GGKEditChildNameViewController.h */,
				9382117217CE360700EDE843 /* GGKEditChildNameViewController.m */,
				9390857F16DD534800C2290F /* GGKHistoryForDayTableViewController.h */,
				9390858016DD534800C2290F /* GGKHistoryForDayTableViewController.m */,
				937F864716DC50B1007DE572 /* GGKHistoryHeaderCell.h */,
				937F864816DC50B1007DE572 /* GGKHistoryHeaderCell.m */,
				93DE8C0B16E8074800AA87FF /* GGKInAppPurchaseObserver.h */,
				93DE8C0C16E8074800AA87FF /* GGKInAppPurchaseObserver.m */,
				9336135A18A0A5450026F270 /* GGKMusicModel.h */,
				9336135B18A0A5450026F270 /* GGKMusicModel.m */,
				937652B816C079CB007EA04C /* GGKPerfectPottyAppDelegate.h */,
				937652B916C079CB007EA04C /* GGKPerfectPottyAppDelegate.m */,
				9383F21B17C80EFD005B41E5 /* GGKPerfectPottyModel.h */,
				9383F21C17C80EFD005B41E5 /* GGKPerfectPottyModel.m */,
				9362E42216D49EC600A1B771 /* GGKPickBackgroundColorViewController.h */,
				9362E42316D49EC600A1B771 /* GGKPickBackgroundColorViewController.m */,
				9390858216DD583A00C2290F /* GGKPottyAttemptCell.h */,
				9390858316DD583A00C2290F /* GGKPottyAttemptCell.m */,
				937F864416DABF59007DE572 /* GGKPottyAttemptDayTableViewCell.h */,
				937F864516DABF59007DE572 /* GGKPottyAttemptDayTableViewCell.m */,
				93F00CBA18B2EFAB00EBE8D4 /* GGKPottyMusicViewController.h */,
				93F00CBB18B2EFAB00EBE8D4 /* GGKPottyMusicViewController.m */,
				9383F22417CA09A4005B41E5 /* GGKPottyRecordsViewController.h */,
				9383F22517CA09A5005B41E5 /* GGKPottyRecordsViewController.m */,
				9383F22117C91520005B41E5 /* GGKReward.h */,
				9383F22217C91520005B41E5 /* GGKReward.m */,
				937F863216D6A54A007DE572 /* GGKRewardsViewController.h */,
				937F863316D6A54A007DE572 /* GGKRewardsViewController.m */,
				937652C716C079CB007EA04C /* GGKRootViewController.h */,
				937652C816C079CB007EA04C /* GGKRootViewController.m */,
				9315503016DF225000482944 /* GGKSetReminderViewController.h */,
				9315503116DF225000482944 /* GGKSetReminderViewController.m */,
				937F863516D6A61A007DE572 /* GGKSettingsViewController.h */,
				937F863616D6A61A007DE572 /* GGKSettingsViewController.m */,
				9362E42B16D5F17600A1B771 /* GGKSoundModel.h */,
				9362E42C16D5F17600A1B771 /* GGKSoundModel.m */,
				9382117717D1976200EDE843 /* GGKTestRemindersViewController.h */,
				9382117817D1976300EDE843 /* GGKTestRemindersViewController.m */,
				93BD1666176191B700D32AA0 /* GGKUseCustomSymbolViewController.h */,
				93BD1667176191B700D32AA0 /* GGKUseCustomSymbolViewController.m */,
				93BD166317618E1500D32AA0 /* GGKViewController.h */,
				93BD166417618E1500D32AA0 /* GGKViewController.m */,
				9353B37D16E6011300B0A75A /* GGKYourSupportViewController.h */,
				9353B37E16E6011300B0A75A /* GGKYourSupportViewController.m */,
				937652C116C079CB007EA04C /* MainStoryboard_iPhone.storyboard */,
				937652C416C079CB007EA04C /* MainStoryboard_iPad.storyboard */,
				937F864A16DC7BF2007DE572 /* NSDate+GGKDate.h */,
				937F864B16DC7BF2007DE572 /* NSDate+GGKDate.m */,
				9362E42516D4AC2A00A1B771 /* UIColor+GGKColors.h */,
				9362E42616D4AC2A00A1B771 /* UIColor+GGKColors.m */,
				9315502D16DF1D2400482944 /* UIView+GGKAdditions.h */,
				9315502E16DF1D2400482944 /* UIView+GGKAdditions.m */,
				937652B016C079CB007EA04C /* Supporting Files */,
			);
			name = "Perfect Potty";
			path = "Potty Trainer";
			sourceTree = "<group>";
		};
		937652B016C079CB007EA04C /* Supporting Files */ = {
			isa = PBXGroup;
			children = (
				93DD9EA618A09A0300F09E21 /* Default-568h@2x.png */,
				93DD9EA718A09A0300F09E21 /* Default.png */,
				93DD9EA818A09A0300F09E21 /* Default@2x.png */,
				93BD16611761869400D32AA0 /* GGKPerfectPottyDescription.rtf */,
				93DE8C1016E8987B00AA87FF /* icons */,
				937652B216C079CB007EA04C /* InfoPlist.strings */,
				937652B516C079CB007EA04C /* main.m */,
				937652B116C079CB007EA04C /* Perfect Potty Pal-Info.plist */,
				937652B716C079CB007EA04C /* Perfect Potty Pal-Prefix.pch */,
				9362E43116D5FC9100A1B771 /* sounds */,
			);
			name = "Supporting Files";
			sourceTree = "<group>";
		};
		93DE8C1016E8987B00AA87FF /* icons */ = {
			isa = PBXGroup;
			children = (
				93DE8C1316E8995200AA87FF /* icon2-29px@2x.png */,
				93DE8C1116E898C700AA87FF /* icon2-29px.png */,
				93DE8C1716E899CE00AA87FF /* icon2-50px@2x.png */,
				93DE8C1516E8999A00AA87FF /* icon2-50px.png */,
				93DE8C1916E89A7E00AA87FF /* icon2-57px.png */,
				93DE8C1A16E89A7E00AA87FF /* icon2-57px@2x.png */,
				93DE8C1B16E89A7E00AA87FF /* icon2-72px.png */,
				93DE8C1C16E89A7E00AA87FF /* icon2-72px@2x.png */,
			);
			name = icons;
			sourceTree = "<group>";
		};
/* End PBXGroup section */

/* Begin PBXNativeTarget section */
		937652A516C079CB007EA04C /* Perfect Potty Pal */ = {
			isa = PBXNativeTarget;
			buildConfigurationList = 937652CC16C079CB007EA04C /* Build configuration list for PBXNativeTarget "Perfect Potty Pal" */;
			buildPhases = (
				937652A216C079CB007EA04C /* Sources */,
				937652A316C079CB007EA04C /* Frameworks */,
				937652A416C079CB007EA04C /* Resources */,
			);
			buildRules = (
			);
			dependencies = (
			);
			name = "Perfect Potty Pal";
			productName = "Potty Trainer";
			productReference = 937652A616C079CB007EA04C /* Perfect Potty.app */;
			productType = "com.apple.product-type.application";
		};
/* End PBXNativeTarget section */

/* Begin PBXProject section */
		9376529E16C079CA007EA04C /* Project object */ = {
			isa = PBXProject;
			attributes = {
				CLASSPREFIX = GGKPottyTrainer;
				LastUpgradeCheck = 0460;
				ORGANIZATIONNAME = "Geoff Hom";
			};
			buildConfigurationList = 937652A116C079CA007EA04C /* Build configuration list for PBXProject "Perfect Potty" */;
			compatibilityVersion = "Xcode 3.2";
			developmentRegion = English;
			hasScannedForEncodings = 0;
			knownRegions = (
				en,
			);
			mainGroup = 9376529D16C079CA007EA04C;
			productRefGroup = 937652A716C079CB007EA04C /* Products */;
			projectDirPath = "";
			projectRoot = "";
			targets = (
				937652A516C079CB007EA04C /* Perfect Potty Pal */,
			);
		};
/* End PBXProject section */

/* Begin PBXResourcesBuildPhase section */
		937652A416C079CB007EA04C /* Resources */ = {
			isa = PBXResourcesBuildPhase;
			buildActionMask = 2147483647;
			files = (
				937652B416C079CB007EA04C /* InfoPlist.strings in Resources */,
				937652C316C079CB007EA04C /* MainStoryboard_iPhone.storyboard in Resources */,
				932904E518AA55930066D2DA /* README.md in Resources */,
				937652C616C079CB007EA04C /* MainStoryboard_iPad.storyboard in Resources */,
				9362E43216D5FDAB00A1B771 /* tap.aif in Resources */,
				9376CCAE16E0111E00887ADE /* scoreIncrease.aiff in Resources */,
				93DE8C1216E898C700AA87FF /* icon2-29px.png in Resources */,
				93DE8C1416E8995200AA87FF /* icon2-29px@2x.png in Resources */,
				93DE8C1616E8999A00AA87FF /* icon2-50px.png in Resources */,
				93DE8C1816E899CE00AA87FF /* icon2-50px@2x.png in Resources */,
				93DE8C1D16E89A7E00AA87FF /* icon2-57px.png in Resources */,
				93DE8C1E16E89A7E00AA87FF /* icon2-57px@2x.png in Resources */,
				93DD9EAA18A09A0300F09E21 /* Default.png in Resources */,
				93DD9EAB18A09A0300F09E21 /* Default@2x.png in Resources */,
				9336135E18A0C04C0026F270 /* Perfect Potty - Intro Main Menu Music.m4a in Resources */,
				93DD9EA918A09A0300F09E21 /* Default-568h@2x.png in Resources */,
				93F00CB918B2EB8100EBE8D4 /* Perfect Potty - Potty Music.m4a in Resources */,
				93DE8C1F16E89A7E00AA87FF /* icon2-72px.png in Resources */,
				93DE8C2016E89A7E00AA87FF /* icon2-72px@2x.png in Resources */,
				932904E618AA55930066D2DA /* release_notes.md in Resources */,
				93BD16621761869400D32AA0 /* GGKPerfectPottyDescription.rtf in Resources */,
				93CA2BA617D4820B00CF4440 /* reminder1.aiff in Resources */,
			);
			runOnlyForDeploymentPostprocessing = 0;
		};
/* End PBXResourcesBuildPhase section */

/* Begin PBXSourcesBuildPhase section */
		937652A216C079CB007EA04C /* Sources */ = {
			isa = PBXSourcesBuildPhase;
			buildActionMask = 2147483647;
			files = (
				937652B616C079CB007EA04C /* main.m in Sources */,
				937652BA16C079CB007EA04C /* GGKPerfectPottyAppDelegate.m in Sources */,
				937652C916C079CB007EA04C /* GGKRootViewController.m in Sources */,
				9362E42416D49EC600A1B771 /* GGKPickBackgroundColorViewController.m in Sources */,
				9362E42716D4AC2A00A1B771 /* UIColor+GGKColors.m in Sources */,
				9362E42D16D5F17600A1B771 /* GGKSoundModel.m in Sources */,
				937F863416D6A54A007DE572 /* GGKRewardsViewController.m in Sources */,
				937F863716D6A61A007DE572 /* GGKSettingsViewController.m in Sources */,
				937F864016D9DC0C007DE572 /* GGKAddPottyViewController.m in Sources */,
				937F864616DABF5A007DE572 /* GGKPottyAttemptDayTableViewCell.m in Sources */,
				937F864916DC50B1007DE572 /* GGKHistoryHeaderCell.m in Sources */,
				937F864C16DC7BF2007DE572 /* NSDate+GGKDate.m in Sources */,
				9390858116DD534800C2290F /* GGKHistoryForDayTableViewController.m in Sources */,
				9390858416DD583A00C2290F /* GGKPottyAttemptCell.m in Sources */,
				9315502F16DF1D2400482944 /* UIView+GGKAdditions.m in Sources */,
				9315503216DF225000482944 /* GGKSetReminderViewController.m in Sources */,
				93F00CBC18B2EFAB00EBE8D4 /* GGKPottyMusicViewController.m in Sources */,
				9376CCB316E1DC0600887ADE /* GGKAddRewardTextViewController.m in Sources */,
				9353B37F16E6011300B0A75A /* GGKYourSupportViewController.m in Sources */,
				93DE8C0D16E8074800AA87FF /* GGKInAppPurchaseObserver.m in Sources */,
				9336135C18A0A5450026F270 /* GGKMusicModel.m in Sources */,
				93BD166517618E1500D32AA0 /* GGKViewController.m in Sources */,
				93BD1668176191B700D32AA0 /* GGKUseCustomSymbolViewController.m in Sources */,
				9383F21D17C80EFD005B41E5 /* GGKPerfectPottyModel.m in Sources */,
				9383F22017C8456E005B41E5 /* GGKChild.m in Sources */,
				9383F22317C91521005B41E5 /* GGKReward.m in Sources */,
				9383F22617CA09A6005B41E5 /* GGKPottyRecordsViewController.m in Sources */,
				9382117017CE243F00EDE843 /* GGKChildSelectionViewController.m in Sources */,
				9382117317CE360700EDE843 /* GGKEditChildNameViewController.m in Sources */,
				9382117617CEB6E700EDE843 /* GGKAddChildViewController.m in Sources */,
				9382117917D1976400EDE843 /* GGKTestRemindersViewController.m in Sources */,
			);
			runOnlyForDeploymentPostprocessing = 0;
		};
/* End PBXSourcesBuildPhase section */

/* Begin PBXVariantGroup section */
		937652B216C079CB007EA04C /* InfoPlist.strings */ = {
			isa = PBXVariantGroup;
			children = (
				937652B316C079CB007EA04C /* en */,
			);
			name = InfoPlist.strings;
			sourceTree = "<group>";
		};
		937652C116C079CB007EA04C /* MainStoryboard_iPhone.storyboard */ = {
			isa = PBXVariantGroup;
			children = (
				937652C216C079CB007EA04C /* en */,
			);
			name = MainStoryboard_iPhone.storyboard;
			sourceTree = "<group>";
		};
		937652C416C079CB007EA04C /* MainStoryboard_iPad.storyboard */ = {
			isa = PBXVariantGroup;
			children = (
				937652C516C079CB007EA04C /* en */,
			);
			name = MainStoryboard_iPad.storyboard;
			sourceTree = "<group>";
		};
/* End PBXVariantGroup section */

/* Begin XCBuildConfiguration section */
		937652CA16C079CB007EA04C /* Debug */ = {
			isa = XCBuildConfiguration;
			buildSettings = {
				ALWAYS_SEARCH_USER_PATHS = NO;
				CLANG_CXX_LANGUAGE_STANDARD = "gnu++0x";
				CLANG_CXX_LIBRARY = "libc++";
				CLANG_ENABLE_OBJC_ARC = YES;
				CLANG_WARN_CONSTANT_CONVERSION = YES;
				CLANG_WARN_EMPTY_BODY = YES;
				CLANG_WARN_ENUM_CONVERSION = YES;
				CLANG_WARN_INT_CONVERSION = YES;
				CLANG_WARN__DUPLICATE_METHOD_MATCH = YES;
				CODE_SIGN_IDENTITY = "iPhone Developer";
				"CODE_SIGN_IDENTITY[sdk=iphoneos*]" = "iPhone Developer";
				COPY_PHASE_STRIP = NO;
				GCC_C_LANGUAGE_STANDARD = gnu99;
				GCC_DYNAMIC_NO_PIC = NO;
				GCC_OPTIMIZATION_LEVEL = 0;
				GCC_PREPROCESSOR_DEFINITIONS = (
					"DEBUG=1",
					"$(inherited)",
				);
				GCC_SYMBOLS_PRIVATE_EXTERN = NO;
				GCC_WARN_ABOUT_RETURN_TYPE = YES;
				GCC_WARN_UNINITIALIZED_AUTOS = YES;
				GCC_WARN_UNUSED_VARIABLE = YES;
				IPHONEOS_DEPLOYMENT_TARGET = 5.1;
				ONLY_ACTIVE_ARCH = YES;
				PROVISIONING_PROFILE = "";
				SDKROOT = iphoneos;
				TARGETED_DEVICE_FAMILY = "1,2";
			};
			name = Debug;
		};
		937652CB16C079CB007EA04C /* Release */ = {
			isa = XCBuildConfiguration;
			buildSettings = {
				ALWAYS_SEARCH_USER_PATHS = NO;
				CLANG_CXX_LANGUAGE_STANDARD = "gnu++0x";
				CLANG_CXX_LIBRARY = "libc++";
				CLANG_ENABLE_OBJC_ARC = YES;
				CLANG_WARN_CONSTANT_CONVERSION = YES;
				CLANG_WARN_EMPTY_BODY = YES;
				CLANG_WARN_ENUM_CONVERSION = YES;
				CLANG_WARN_INT_CONVERSION = YES;
				CLANG_WARN__DUPLICATE_METHOD_MATCH = YES;
				CODE_SIGN_IDENTITY = "iPhone Developer";
				"CODE_SIGN_IDENTITY[sdk=iphoneos*]" = "iPhone Developer";
				COPY_PHASE_STRIP = YES;
				GCC_C_LANGUAGE_STANDARD = gnu99;
				GCC_WARN_ABOUT_RETURN_TYPE = YES;
				GCC_WARN_UNINITIALIZED_AUTOS = YES;
				GCC_WARN_UNUSED_VARIABLE = YES;
				IPHONEOS_DEPLOYMENT_TARGET = 5.1;
				OTHER_CFLAGS = "-DNS_BLOCK_ASSERTIONS=1";
				PROVISIONING_PROFILE = "";
				SDKROOT = iphoneos;
				TARGETED_DEVICE_FAMILY = "1,2";
				VALIDATE_PRODUCT = YES;
			};
			name = Release;
		};
		937652CD16C079CB007EA04C /* Debug */ = {
			isa = XCBuildConfiguration;
			buildSettings = {
				CODE_SIGN_IDENTITY = "";
				"CODE_SIGN_IDENTITY[sdk=iphoneos*]" = "iPhone Developer";
				GCC_PRECOMPILE_PREFIX_HEADER = YES;
				GCC_PREFIX_HEADER = "Potty Trainer/Perfect Potty Pal-Prefix.pch";
				INFOPLIST_FILE = "Potty Trainer/Perfect Potty Pal-Info.plist";
				IPHONEOS_DEPLOYMENT_TARGET = 5.1;
				LIBRARY_SEARCH_PATHS = (
					"$(inherited)",
					"/Users/geoffrey2/personal/projects/Potty\\ Trainer\\ good/TestFlightSDK2",
				);
				PRODUCT_NAME = "Perfect Potty";
				"PROVISIONING_PROFILE[sdk=iphoneos*]" = "";
				TARGETED_DEVICE_FAMILY = 1;
				WRAPPER_EXTENSION = app;
			};
			name = Debug;
		};
		937652CE16C079CB007EA04C /* Release */ = {
			isa = XCBuildConfiguration;
			buildSettings = {
				CODE_SIGN_IDENTITY = "";
				"CODE_SIGN_IDENTITY[sdk=iphoneos*]" = "";
				GCC_PRECOMPILE_PREFIX_HEADER = YES;
				GCC_PREFIX_HEADER = "Potty Trainer/Perfect Potty Pal-Prefix.pch";
				INFOPLIST_FILE = "Potty Trainer/Perfect Potty Pal-Info.plist";
				IPHONEOS_DEPLOYMENT_TARGET = 5.1;
				LIBRARY_SEARCH_PATHS = (
					"$(inherited)",
					"/Users/geoffrey2/personal/projects/Potty\\ Trainer\\ good/TestFlightSDK2",
				);
				PRODUCT_NAME = "Perfect Potty";
				"PROVISIONING_PROFILE[sdk=iphoneos*]" = "C267AF09-7587-4ADB-9BA2-BF8524321EB4";
				TARGETED_DEVICE_FAMILY = 1;
				WRAPPER_EXTENSION = app;
			};
			name = Release;
		};
		937652CF16C07CC9007EA04C /* User testing */ = {
			isa = XCBuildConfiguration;
			buildSettings = {
				ALWAYS_SEARCH_USER_PATHS = NO;
				CLANG_CXX_LANGUAGE_STANDARD = "gnu++0x";
				CLANG_CXX_LIBRARY = "libc++";
				CLANG_ENABLE_OBJC_ARC = YES;
				CLANG_WARN_CONSTANT_CONVERSION = YES;
				CLANG_WARN_EMPTY_BODY = YES;
				CLANG_WARN_ENUM_CONVERSION = YES;
				CLANG_WARN_INT_CONVERSION = YES;
				CLANG_WARN__DUPLICATE_METHOD_MATCH = YES;
				CODE_SIGN_IDENTITY = "iPhone Developer";
				"CODE_SIGN_IDENTITY[sdk=iphoneos*]" = "iPhone Developer";
				COPY_PHASE_STRIP = YES;
				GCC_C_LANGUAGE_STANDARD = gnu99;
				GCC_WARN_ABOUT_RETURN_TYPE = YES;
				GCC_WARN_UNINITIALIZED_AUTOS = YES;
				GCC_WARN_UNUSED_VARIABLE = YES;
				IPHONEOS_DEPLOYMENT_TARGET = 5.1;
				OTHER_CFLAGS = "-DNS_BLOCK_ASSERTIONS=1";
				PROVISIONING_PROFILE = "";
				"PROVISIONING_PROFILE[sdk=iphoneos*]" = "";
				SDKROOT = iphoneos;
				TARGETED_DEVICE_FAMILY = "1,2";
				VALIDATE_PRODUCT = YES;
			};
			name = "User testing";
		};
		937652D016C07CC9007EA04C /* User testing */ = {
			isa = XCBuildConfiguration;
			buildSettings = {
				"CODE_SIGN_IDENTITY[sdk=iphoneos*]" = "";
				COPY_PHASE_STRIP = NO;
				GCC_PRECOMPILE_PREFIX_HEADER = YES;
				GCC_PREFIX_HEADER = "Potty Trainer/Perfect Potty Pal-Prefix.pch";
				INFOPLIST_FILE = "Potty Trainer/Perfect Potty Pal-Info.plist";
				IPHONEOS_DEPLOYMENT_TARGET = 5.1;
				LIBRARY_SEARCH_PATHS = (
					"$(inherited)",
					"/Users/geoffrey2/personal/projects/Potty\\ Trainer\\ good/TestFlightSDK2",
				);
				PRODUCT_NAME = "Perfect Potty";
				"PROVISIONING_PROFILE[sdk=iphoneos*]" = "E737960F-D027-42FE-B4C9-7AF9856E5CBB";
				TARGETED_DEVICE_FAMILY = 1;
				WRAPPER_EXTENSION = app;
			};
			name = "User testing";
		};
/* End XCBuildConfiguration section */

/* Begin XCConfigurationList section */
		937652A116C079CA007EA04C /* Build configuration list for PBXProject "Perfect Potty" */ = {
			isa = XCConfigurationList;
			buildConfigurations = (
				937652CA16C079CB007EA04C /* Debug */,
				937652CB16C079CB007EA04C /* Release */,
				937652CF16C07CC9007EA04C /* User testing */,
			);
			defaultConfigurationIsVisible = 0;
			defaultConfigurationName = Release;
		};
		937652CC16C079CB007EA04C /* Build configuration list for PBXNativeTarget "Perfect Potty Pal" */ = {
			isa = XCConfigurationList;
			buildConfigurations = (
				937652CD16C079CB007EA04C /* Debug */,
				937652CE16C079CB007EA04C /* Release */,
				937652D016C07CC9007EA04C /* User testing */,
			);
			defaultConfigurationIsVisible = 0;
			defaultConfigurationName = Release;
		};
/* End XCConfigurationList section */
	};
	rootObject = 9376529E16C079CA007EA04C /* Project object */;
}
